
Microsoft Visual Studio Solution File, Format Version 12.00
# Visual Studio Version 17
VisualStudioVersion = 17.11.35327.3
MinimumVisualStudioVersion = 10.0.40219.1
Project("{8BC9CEB8-8B4A-11D0-8D11-00A0C91BC942}") = "Project 03 (C++)", "Project 03 (C++).vcxproj", "{BA217DD0-759E-4EF2-B7F9-51E69E44323B}"
EndProject
Global
	GlobalSection(SolutionConfigurationPlatforms) = preSolution
		Debug|x64 = Debug|x64
		Debug|x86 = Debug|x86
		Release|x64 = Release|x64
		Release|x86 = Release|x86
	EndGlobalSection
	GlobalSection(ProjectConfigurationPlatforms) = postSolution
		{BA217DD0-759E-4EF2-B7F9-51E69E44323B}.Debug|x64.ActiveCfg = Debug|x64
		{BA217DD0-759E-4EF2-B7F9-51E69E44323B}.Debug|x64.Build.0 = Debug|x64
		{BA217DD0-759E-4EF2-B7F9-51E69E44323B}.Debug|x86.ActiveCfg = Debug|Win32
		{BA217DD0-759E-4EF2-B7F9-51E69E44323B}.Debug|x86.Build.0 = Debug|Win32
		{BA217DD0-759E-4EF2-B7F9-51E69E44323B}.Release|x64.ActiveCfg = Release|x64
		{BA217DD0-759E-4EF2-B7F9-51E69E44323B}.Release|x64.Build.0 = Release|x64
		{BA217DD0-759E-4EF2-B7F9-51E69E44323B}.Release|x86.ActiveCfg = Release|Win32
		{BA217DD0-759E-4EF2-B7F9-51E69E44323B}.Release|x86.Build.0 = Release|Win32
	EndGlobalSection
	GlobalSection(SolutionProperties) = preSolution
		HideSolutionNode = FALSE
	EndGlobalSection
	GlobalSection(ExtensibilityGlobals) = postSolution
		SolutionGuid = {DAC46A62-1EE3-410A-A7F8-45C9B7AB52FB}
	EndGlobalSection
EndGlobal
